
Microsoft Visual Studio Solution File, Format Version 12.00
# Visual Studio 15
VisualStudioVersion = 15.0.27428.2002
MinimumVisualStudioVersion = 10.0.40219.1
Project("{FAE04EC0-301F-11D3-BF4B-00C04F79EFBC}") = "WorkingWithVisualStudio", "WorkingWithVisualStudio\WorkingWithVisualStudio.csproj", "{88CE16FF-04CB-42B7-8017-3ECB4C2BF48F}"
EndProject
Global
	GlobalSection(SolutionConfigurationPlatforms) = preSolution
		Debug|Any CPU = Debug|Any CPU
		Release|Any CPU = Release|Any CPU
	EndGlobalSection
	GlobalSection(ProjectConfigurationPlatforms) = postSolution
		{88CE16FF-04CB-42B7-8017-3ECB4C2BF48F}.Debug|Any CPU.ActiveCfg = Debug|Any CPU
		{88CE16FF-04CB-42B7-8017-3ECB4C2BF48F}.Debug|Any CPU.Build.0 = Debug|Any CPU
		{88CE16FF-04CB-42B7-8017-3ECB4C2BF48F}.Release|Any CPU.ActiveCfg = Release|Any CPU
		{88CE16FF-04CB-42B7-8017-3ECB4C2BF48F}.Release|Any CPU.Build.0 = Release|Any CPU
	EndGlobalSection
	GlobalSection(SolutionProperties) = preSolution
		HideSolutionNode = FALSE
	EndGlobalSection
	GlobalSection(ExtensibilityGlobals) = postSolution
		SolutionGuid = {1D33D0D1-81E8-4A31-B3A8-B25A2862A142}
	EndGlobalSection
EndGlobal
